{
  "name": "js_le",
  "version": "1.0.0",
  "lockfileVersion": 1,
  "requires": true,
  "dependencies": {
    "sam-palindrome": {
      "version": "0.22.1",
      "resolved": "https://registry.npmjs.org/sam-palindrome/-/sam-palindrome-0.22.1.tgz",
      "integrity": "sha512-0cfGAx0q9TgUEINmqvyw9CAtG4j/0UB+0WX1mTllj+S2HaOb7E7x+NmrvGIScu9RBZKa8ZLptMZCalA+Cioaww=="
    }
  }
}
