{
  "name": "js_le",
  "version": "1.0.0",
  "lockfileVersion": 1,
  "requires": true,
  "dependencies": {
    "sam-palindrome": {
      "version": "0.2.0",
      "resolved": "https://registry.npmjs.org/sam-palindrome/-/sam-palindrome-0.2.0.tgz",
      "integrity": "sha512-Oez5pzUscGy4n0BpHLdm3S9lOz0CI1nhLC+cO8Hvq9m4Y4PwpOrgMv0ddBhzRGLj/97mee+I9nV4L0HzRefJkA=="
    }
  }
}
